// !$*UTF8*$!
{
	archiveVersion = 1;
	classes = {
	};
	objectVersion = 77;
	objects = {

/* Begin PBXBuildFile section */
		103883B004783090CB27519B /* Tamago.app in Embed Watch Content */ = {isa = PBXBuildFile; fileRef = 5E99D4633A28B788BB2EEF6C /* Tamago.app */; };
		3E0E7A2FDD89108B32662254 /* TamagoShared in Frameworks */ = {isa = PBXBuildFile; productRef = D68229C331848B9AB9C68F93 /* TamagoShared */; };
		530ADC56C7678E5C5127E7EF /* TamagoShared in Frameworks */ = {isa = PBXBuildFile; productRef = DF9B0E967445328C90B4E440 /* TamagoShared */; };
		7E4DEFA0D0866F2AEA4C593E /* TamagoShared in Frameworks */ = {isa = PBXBuildFile; productRef = 40772E5EFFB58613CA8383F3 /* TamagoShared */; };
		8A8692300A9B275BB20A8D94 /* TamagoComplication.appex in Embed Foundation Extensions */ = {isa = PBXBuildFile; fileRef = 4AD192928F69072810ACC87F /* TamagoComplication.appex */; settings = {ATTRIBUTES = (RemoveHeadersOnCopy, ); }; };
		8DB413D61E0D6BD0290EC188 /* TamagoShared in Frameworks */ = {isa = PBXBuildFile; productRef = C6F54CD3B3536366FC24E0ED /* TamagoShared */; };
/* End PBXBuildFile section */

/* Begin PBXContainerItemProxy section */
		86E9B14FD332B12AD077D013 /* PBXContainerItemProxy */ = {
			isa = PBXContainerItemProxy;
			containerPortal = 46F86FAA6BBF9AC94A7E4595 /* Project object */;
			proxyType = 1;
			remoteGlobalIDString = D7A8BFB185F0C37178C16F78;
			remoteInfo = TamagoComplication;
		};
		B0F60C16C46F773BA2FD4624 /* PBXContainerItemProxy */ = {
			isa = PBXContainerItemProxy;
			containerPortal = 46F86FAA6BBF9AC94A7E4595 /* Project object */;
			proxyType = 1;
			remoteGlobalIDString = 6A3E86F153968EFFFE4AAA15;
			remoteInfo = TamagoWatch;
		};
/* End PBXContainerItemProxy section */

/* Begin PBXCopyFilesBuildPhase section */
		46134290E92CF5E77F5C9EEF /* Embed Foundation Extensions */ = {
			isa = PBXCopyFilesBuildPhase;
			buildActionMask = 2147483647;
			dstPath = "";
			dstSubfolderSpec = 13;
			files = (
				8A8692300A9B275BB20A8D94 /* TamagoComplication.appex in Embed Foundation Extensions */,
			);
			name = "Embed Foundation Extensions";
			runOnlyForDeploymentPostprocessing = 0;
		};
		7B2461AEC77E56C8B1A39C51 /* Embed Watch Content */ = {
			isa = PBXCopyFilesBuildPhase;
			buildActionMask = 2147483647;
			dstPath = "$(CONTENTS_FOLDER_PATH)/Watch";
			dstSubfolderSpec = 16;
			files = (
				103883B004783090CB27519B /* Tamago.app in Embed Watch Content */,
			);
			name = "Embed Watch Content";
			runOnlyForDeploymentPostprocessing = 0;
		};
/* End PBXCopyFilesBuildPhase section */

/* Begin PBXFileReference section */
		06CF9B5775BCF621072FED01 /* Tamago.xcconfig */ = {isa = PBXFileReference; lastKnownFileType = text.xcconfig; path = Tamago.xcconfig; sourceTree = "<group>"; };
		4AD192928F69072810ACC87F /* TamagoComplication.appex */ = {isa = PBXFileReference; explicitFileType = "wrapper.app-extension"; includeInIndex = 0; path = TamagoComplication.appex; sourceTree = BUILT_PRODUCTS_DIR; };
		4C5FCE7E6A9BC80182FC253E /* Tamago.app */ = {isa = PBXFileReference; explicitFileType = wrapper.application; includeInIndex = 0; path = Tamago.app; sourceTree = BUILT_PRODUCTS_DIR; };
		5E99D4633A28B788BB2EEF6C /* Tamago.app */ = {isa = PBXFileReference; explicitFileType = wrapper.application; includeInIndex = 0; path = Tamago.app; sourceTree = BUILT_PRODUCTS_DIR; };
		BD5FEB36355BB38F98691943 /* TamagoTests.xctest */ = {isa = PBXFileReference; explicitFileType = wrapper.cfbundle; includeInIndex = 0; path = TamagoTests.xctest; sourceTree = BUILT_PRODUCTS_DIR; };
/* End PBXFileReference section */

/* Begin PBXFileSystemSynchronizedBuildFileExceptionSet section */
		3D0B7F5E4373A898A62D5B99 /* Exceptions for "iPhoneApp" folder in "TamagoPhone" target */ = {
			isa = PBXFileSystemSynchronizedBuildFileExceptionSet;
			membershipExceptions = (
				README.md,
			);
			target = B0FA378F42FDC5AAF1CB8CC7 /* TamagoPhone */;
		};
		C5F116EAE8D55E59E27BCB58 /* Exceptions for "WatchApp" folder in "TamagoWatch" target */ = {
			isa = PBXFileSystemSynchronizedBuildFileExceptionSet;
			membershipExceptions = (
				Info.plist,
				README.md,
			);
			target = 6A3E86F153968EFFFE4AAA15 /* TamagoWatch */;
		};
		CA213E174A26A0D31AC9B47F /* Exceptions for "Complication" folder in "TamagoComplication" target */ = {
			isa = PBXFileSystemSynchronizedBuildFileExceptionSet;
			membershipExceptions = (
				Info.plist,
				README.md,
			);
			target = D7A8BFB185F0C37178C16F78 /* TamagoComplication */;
		};
/* End PBXFileSystemSynchronizedBuildFileExceptionSet section */

/* Begin PBXFileSystemSynchronizedRootGroup section */
		3115A829A6D9DE702F550E32 /* WatchApp */ = {
			isa = PBXFileSystemSynchronizedRootGroup;
			exceptions = (
				C5F116EAE8D55E59E27BCB58 /* Exceptions for "WatchApp" folder in "TamagoWatch" target */,
			);
			path = WatchApp;
			sourceTree = "<group>";
		};
		9A9F48B0084C75AE4EE5799B /* iPhoneApp */ = {
			isa = PBXFileSystemSynchronizedRootGroup;
			exceptions = (
				3D0B7F5E4373A898A62D5B99 /* Exceptions for "iPhoneApp" folder in "TamagoPhone" target */,
			);
			path = iPhoneApp;
			sourceTree = "<group>";
		};
		C759EBCEFB644A19B2E954E2 /* Complication */ = {
			isa = PBXFileSystemSynchronizedRootGroup;
			exceptions = (
				CA213E174A26A0D31AC9B47F /* Exceptions for "Complication" folder in "TamagoComplication" target */,
			);
			path = Complication;
			sourceTree = "<group>";
		};
		D6A389BCEE209D4F7F527026 /* Shared/Tests/TamagoSharedTests */ = {
			isa = PBXFileSystemSynchronizedRootGroup;
			path = Shared/Tests/TamagoSharedTests;
			sourceTree = "<group>";
		};
/* End PBXFileSystemSynchronizedRootGroup section */

/* Begin PBXFrameworksBuildPhase section */
		607714CAF22358303F0FFE09 /* Frameworks */ = {
			isa = PBXFrameworksBuildPhase;
			buildActionMask = 2147483647;
			files = (
				8DB413D61E0D6BD0290EC188 /* TamagoShared in Frameworks */,
			);
			runOnlyForDeploymentPostprocessing = 0;
		};
		9EDF4C475B0B7D50710B2A7F /* Frameworks */ = {
			isa = PBXFrameworksBuildPhase;
			buildActionMask = 2147483647;
			files = (
				3E0E7A2FDD89108B32662254 /* TamagoShared in Frameworks */,
			);
			runOnlyForDeploymentPostprocessing = 0;
		};
		9FA11AE6761C35B762C45C04 /* Frameworks */ = {
			isa = PBXFrameworksBuildPhase;
			buildActionMask = 2147483647;
			files = (
				530ADC56C7678E5C5127E7EF /* TamagoShared in Frameworks */,
			);
			runOnlyForDeploymentPostprocessing = 0;
		};
		FDD712897CDD7CF78DAB7408 /* Frameworks */ = {
			isa = PBXFrameworksBuildPhase;
			buildActionMask = 2147483647;
			files = (
				7E4DEFA0D0866F2AEA4C593E /* TamagoShared in Frameworks */,
			);
			runOnlyForDeploymentPostprocessing = 0;
		};
/* End PBXFrameworksBuildPhase section */

/* Begin PBXGroup section */
		2B731CEFC6751AAE0EC69B98 = {
			isa = PBXGroup;
			children = (
				3115A829A6D9DE702F550E32 /* WatchApp */,
				C759EBCEFB644A19B2E954E2 /* Complication */,
				9A9F48B0084C75AE4EE5799B /* iPhoneApp */,
				D6A389BCEE209D4F7F527026 /* Shared/Tests/TamagoSharedTests */,
				5386A2EAF0036C0154CF9012 /* Config */,
				86024CAD1E83101D97359D73 /* Products */,
			);
			sourceTree = "<group>";
		};
		5386A2EAF0036C0154CF9012 /* Config */ = {
			isa = PBXGroup;
			children = (
				06CF9B5775BCF621072FED01 /* Tamago.xcconfig */,
			);
			path = Config;
			sourceTree = "<group>";
		};
		86024CAD1E83101D97359D73 /* Products */ = {
			isa = PBXGroup;
			children = (
				5E99D4633A28B788BB2EEF6C /* Tamago.app */,
				4C5FCE7E6A9BC80182FC253E /* Tamago.app */,
				4AD192928F69072810ACC87F /* TamagoComplication.appex */,
				BD5FEB36355BB38F98691943 /* TamagoTests.xctest */,
			);
			name = Products;
			sourceTree = "<group>";
		};
/* End PBXGroup section */

/* Begin PBXNativeTarget section */
		6A3E86F153968EFFFE4AAA15 /* TamagoWatch */ = {
			isa = PBXNativeTarget;
			buildConfigurationList = 77AA343AE19F8CF2837DDF0D /* Build configuration list for PBXNativeTarget "TamagoWatch" */;
			buildPhases = (
				A211D465F733AF762681BE69 /* Sources */,
				9FA11AE6761C35B762C45C04 /* Frameworks */,
				A5F1A3A65B05C9CAF7BBB848 /* Resources */,
				46134290E92CF5E77F5C9EEF /* Embed Foundation Extensions */,
			);
			buildRules = (
			);
			dependencies = (
				B06BD9215092960D00AAF8E3 /* PBXTargetDependency */,
			);
			fileSystemSynchronizedGroups = (
				3115A829A6D9DE702F550E32 /* WatchApp */,
			);
			name = TamagoWatch;
			packageProductDependencies = (
				DF9B0E967445328C90B4E440 /* TamagoShared */,
			);
			productName = TamagoWatch;
			productReference = 5E99D4633A28B788BB2EEF6C /* Tamago.app */;
			productType = "com.apple.product-type.application";
		};
		B0FA378F42FDC5AAF1CB8CC7 /* TamagoPhone */ = {
			isa = PBXNativeTarget;
			buildConfigurationList = 59CD3F102045E4E738502809 /* Build configuration list for PBXNativeTarget "TamagoPhone" */;
			buildPhases = (
				D4BA100E10496252806F5026 /* Sources */,
				9EDF4C475B0B7D50710B2A7F /* Frameworks */,
				5313E99CFFCFB3C1289CC421 /* Resources */,
				7B2461AEC77E56C8B1A39C51 /* Embed Watch Content */,
			);
			buildRules = (
			);
			dependencies = (
				E7810C43C3620B381C3F0C27 /* PBXTargetDependency */,
			);
			fileSystemSynchronizedGroups = (
				9A9F48B0084C75AE4EE5799B /* iPhoneApp */,
			);
			name = TamagoPhone;
			packageProductDependencies = (
				D68229C331848B9AB9C68F93 /* TamagoShared */,
			);
			productName = TamagoPhone;
			productReference = 4C5FCE7E6A9BC80182FC253E /* Tamago.app */;
			productType = "com.apple.product-type.application";
		};
		C706FA839F4C1F2316B35783 /* TamagoTests */ = {
			isa = PBXNativeTarget;
			buildConfigurationList = 8920E7243AFA43AD3E6FFB8C /* Build configuration list for PBXNativeTarget "TamagoTests" */;
			buildPhases = (
				BE96AB626218E833086E2734 /* Sources */,
				607714CAF22358303F0FFE09 /* Frameworks */,
				3545AF489B8254353D4B07B7 /* Resources */,
			);
			buildRules = (
			);
			dependencies = (
			);
			fileSystemSynchronizedGroups = (
				D6A389BCEE209D4F7F527026 /* Shared/Tests/TamagoSharedTests */,
			);
			name = TamagoTests;
			packageProductDependencies = (
				C6F54CD3B3536366FC24E0ED /* TamagoShared */,
			);
			productName = TamagoTests;
			productReference = BD5FEB36355BB38F98691943 /* TamagoTests.xctest */;
			productType = "com.apple.product-type.bundle.unit-test";
		};
		D7A8BFB185F0C37178C16F78 /* TamagoComplication */ = {
			isa = PBXNativeTarget;
			buildConfigurationList = F020EAB369410561B9AA4CF2 /* Build configuration list for PBXNativeTarget "TamagoComplication" */;
			buildPhases = (
				CED7B13677BE2F276A2244AD /* Sources */,
				FDD712897CDD7CF78DAB7408 /* Frameworks */,
				8F3DBEA58EC5E91FA9B12F94 /* Resources */,
			);
			buildRules = (
			);
			dependencies = (
			);
			fileSystemSynchronizedGroups = (
				C759EBCEFB644A19B2E954E2 /* Complication */,
			);
			name = TamagoComplication;
			packageProductDependencies = (
				40772E5EFFB58613CA8383F3 /* TamagoShared */,
			);
			productName = TamagoComplication;
			productReference = 4AD192928F69072810ACC87F /* TamagoComplication.appex */;
			productType = "com.apple.product-type.app-extension";
		};
/* End PBXNativeTarget section */

/* Begin PBXProject section */
		46F86FAA6BBF9AC94A7E4595 /* Project object */ = {
			isa = PBXProject;
			attributes = {
				BuildIndependentTargetsInParallel = 1;
				LastSwiftUpdateCheck = 2700;
				LastUpgradeCheck = 2700;
				TargetAttributes = {
					6A3E86F153968EFFFE4AAA15 = {
						CreatedOnToolsVersion = 27.0;
					};
					B0FA378F42FDC5AAF1CB8CC7 = {
						CreatedOnToolsVersion = 27.0;
					};
					C706FA839F4C1F2316B35783 = {
						CreatedOnToolsVersion = 27.0;
					};
					D7A8BFB185F0C37178C16F78 = {
						CreatedOnToolsVersion = 27.0;
					};
				};
			};
			buildConfigurationList = CE36D6306C17890370B358E3 /* Build configuration list for PBXProject "AppleTamago" */;
			developmentRegion = en;
			hasScannedForEncodings = 0;
			knownRegions = (
				en,
				Base,
			);
			mainGroup = 2B731CEFC6751AAE0EC69B98;
			minimizedProjectReferenceProxies = 1;
			packageReferences = (
				00399ED3B3FA2FCA129B1CCE /* XCLocalSwiftPackageReference "Shared" */,
			);
			preferredProjectObjectVersion = 77;
			productRefGroup = 86024CAD1E83101D97359D73 /* Products */;
			projectDirPath = "";
			projectRoot = "";
			targets = (
				6A3E86F153968EFFFE4AAA15 /* TamagoWatch */,
				D7A8BFB185F0C37178C16F78 /* TamagoComplication */,
				B0FA378F42FDC5AAF1CB8CC7 /* TamagoPhone */,
				C706FA839F4C1F2316B35783 /* TamagoTests */,
			);
		};
/* End PBXProject section */

/* Begin PBXResourcesBuildPhase section */
		3545AF489B8254353D4B07B7 /* Resources */ = {
			isa = PBXResourcesBuildPhase;
			buildActionMask = 2147483647;
			files = (
			);
			runOnlyForDeploymentPostprocessing = 0;
		};
		5313E99CFFCFB3C1289CC421 /* Resources */ = {
			isa = PBXResourcesBuildPhase;
			buildActionMask = 2147483647;
			files = (
			);
			runOnlyForDeploymentPostprocessing = 0;
		};
		8F3DBEA58EC5E91FA9B12F94 /* Resources */ = {
			isa = PBXResourcesBuildPhase;
			buildActionMask = 2147483647;
			files = (
			);
			runOnlyForDeploymentPostprocessing = 0;
		};
		A5F1A3A65B05C9CAF7BBB848 /* Resources */ = {
			isa = PBXResourcesBuildPhase;
			buildActionMask = 2147483647;
			files = (
			);
			runOnlyForDeploymentPostprocessing = 0;
		};
/* End PBXResourcesBuildPhase section */

/* Begin PBXSourcesBuildPhase section */
		A211D465F733AF762681BE69 /* Sources */ = {
			isa = PBXSourcesBuildPhase;
			buildActionMask = 2147483647;
			files = (
			);
			runOnlyForDeploymentPostprocessing = 0;
		};
		BE96AB626218E833086E2734 /* Sources */ = {
			isa = PBXSourcesBuildPhase;
			buildActionMask = 2147483647;
			files = (
			);
			runOnlyForDeploymentPostprocessing = 0;
		};
		CED7B13677BE2F276A2244AD /* Sources */ = {
			isa = PBXSourcesBuildPhase;
			buildActionMask = 2147483647;
			files = (
			);
			runOnlyForDeploymentPostprocessing = 0;
		};
		D4BA100E10496252806F5026 /* Sources */ = {
			isa = PBXSourcesBuildPhase;
			buildActionMask = 2147483647;
			files = (
			);
			runOnlyForDeploymentPostprocessing = 0;
		};
/* End PBXSourcesBuildPhase section */

/* Begin PBXTargetDependency section */
		B06BD9215092960D00AAF8E3 /* PBXTargetDependency */ = {
			isa = PBXTargetDependency;
			target = D7A8BFB185F0C37178C16F78 /* TamagoComplication */;
			targetProxy = 86E9B14FD332B12AD077D013 /* PBXContainerItemProxy */;
		};
		E7810C43C3620B381C3F0C27 /* PBXTargetDependency */ = {
			isa = PBXTargetDependency;
			target = 6A3E86F153968EFFFE4AAA15 /* TamagoWatch */;
			targetProxy = B0F60C16C46F773BA2FD4624 /* PBXContainerItemProxy */;
		};
/* End PBXTargetDependency section */

/* Begin XCBuildConfiguration section */
		08D1B0DDBC8F69240C81E990 /* Debug */ = {
			isa = XCBuildConfiguration;
			baseConfigurationReference = 06CF9B5775BCF621072FED01 /* Tamago.xcconfig */;
			buildSettings = {
				ALWAYS_SEARCH_USER_PATHS = NO;
				ASSETCATALOG_COMPILER_GENERATE_SWIFT_ASSET_SYMBOL_EXTENSIONS = YES;
				CLANG_ENABLE_MODULES = YES;
				CLANG_ENABLE_OBJC_ARC = YES;
				CLANG_WARN_DOCUMENTATION_COMMENTS = YES;
				CLANG_WARN_UNGUARDED_AVAILABILITY = YES_AGGRESSIVE;
				COPY_PHASE_STRIP = NO;
				DEBUG_INFORMATION_FORMAT = dwarf;
				ENABLE_STRICT_OBJC_MSGSEND = YES;
				ENABLE_TESTABILITY = YES;
				ENABLE_USER_SCRIPT_SANDBOXING = YES;
				GCC_C_LANGUAGE_STANDARD = gnu17;
				GCC_NO_COMMON_BLOCKS = YES;
				GCC_OPTIMIZATION_LEVEL = 0;
				GCC_PREPROCESSOR_DEFINITIONS = (
					"DEBUG=1",
					"$(inherited)",
				);
				GCC_WARN_UNINITIALIZED_AUTOS = YES_AGGRESSIVE;
				GCC_WARN_UNUSED_VARIABLE = YES;
				LOCALIZATION_PREFERS_STRING_CATALOGS = YES;
				MTL_ENABLE_DEBUG_INFO = INCLUDE_SOURCE;
				ONLY_ACTIVE_ARCH = YES;
				STRING_CATALOG_GENERATE_SYMBOLS = YES;
				SWIFT_ACTIVE_COMPILATION_CONDITIONS = "DEBUG $(inherited)";
				SWIFT_ENABLE_EXPLICIT_MODULES = YES;
				SWIFT_OPTIMIZATION_LEVEL = "-Onone";
			};
			name = Debug;
		};
		320644C4979C1B7DC9632144 /* Release */ = {
			isa = XCBuildConfiguration;
			baseConfigurationReference = 06CF9B5775BCF621072FED01 /* Tamago.xcconfig */;
			buildSettings = {
				ALWAYS_SEARCH_USER_PATHS = NO;
				ASSETCATALOG_COMPILER_GENERATE_SWIFT_ASSET_SYMBOL_EXTENSIONS = YES;
				CLANG_ENABLE_MODULES = YES;
				CLANG_ENABLE_OBJC_ARC = YES;
				CLANG_WARN_DOCUMENTATION_COMMENTS = YES;
				CLANG_WARN_UNGUARDED_AVAILABILITY = YES_AGGRESSIVE;
				COPY_PHASE_STRIP = NO;
				DEBUG_INFORMATION_FORMAT = "dwarf-with-dsym";
				ENABLE_NS_ASSERTIONS = NO;
				ENABLE_STRICT_OBJC_MSGSEND = YES;
				ENABLE_USER_SCRIPT_SANDBOXING = YES;
				GCC_C_LANGUAGE_STANDARD = gnu17;
				GCC_NO_COMMON_BLOCKS = YES;
				GCC_WARN_UNINITIALIZED_AUTOS = YES_AGGRESSIVE;
				GCC_WARN_UNUSED_VARIABLE = YES;
				LOCALIZATION_PREFERS_STRING_CATALOGS = YES;
				MTL_ENABLE_DEBUG_INFO = NO;
				STRING_CATALOG_GENERATE_SYMBOLS = YES;
				SWIFT_COMPILATION_MODE = wholemodule;
				SWIFT_ENABLE_EXPLICIT_MODULES = YES;
				VALIDATE_PRODUCT = YES;
			};
			name = Release;
		};
		7702FD4BB81350BC74BF8361 /* Debug */ = {
			isa = XCBuildConfiguration;
			buildSettings = {
				CURRENT_PROJECT_VERSION = 1;
				ENABLE_PREVIEWS = YES;
				GENERATE_INFOPLIST_FILE = YES;
				INFOPLIST_KEY_CFBundleDisplayName = Tamago;
				INFOPLIST_KEY_UIApplicationSceneManifest_Generation = YES;
				INFOPLIST_KEY_UIApplicationSupportsIndirectInputEvents = YES;
				INFOPLIST_KEY_UILaunchScreen_Generation = YES;
				INFOPLIST_KEY_UISupportedInterfaceOrientations = UIInterfaceOrientationPortrait;
				IPHONEOS_DEPLOYMENT_TARGET = 27.0;
				LD_RUNPATH_SEARCH_PATHS = (
					"$(inherited)",
					"@executable_path/Frameworks",
				);
				MARKETING_VERSION = 0.1.1;
				PRODUCT_BUNDLE_IDENTIFIER = "$(TAMAGO_BUNDLE_PREFIX)";
				PRODUCT_NAME = Tamago;
				SDKROOT = iphoneos;
				SWIFT_APPROACHABLE_CONCURRENCY = YES;
				SWIFT_DEFAULT_ACTOR_ISOLATION = MainActor;
				SWIFT_EMIT_LOC_STRINGS = YES;
				SWIFT_VERSION = 6.0;
				TARGETED_DEVICE_FAMILY = 1;
			};
			name = Debug;
		};
		7EDF190F06EDA1100A36657D /* Release */ = {
			isa = XCBuildConfiguration;
			buildSettings = {
				CURRENT_PROJECT_VERSION = 1;
				ENABLE_PREVIEWS = YES;
				GENERATE_INFOPLIST_FILE = YES;
				INFOPLIST_FILE = Complication/Info.plist;
				INFOPLIST_KEY_CFBundleDisplayName = Tamago;
				LD_RUNPATH_SEARCH_PATHS = (
					"$(inherited)",
					"@executable_path/Frameworks",
					"@executable_path/../../Frameworks",
				);
				MARKETING_VERSION = 0.1.1;
				PRODUCT_BUNDLE_IDENTIFIER = "$(TAMAGO_BUNDLE_PREFIX).watchkitapp.widget";
				PRODUCT_NAME = "$(TARGET_NAME)";
				SDKROOT = watchos;
				SKIP_INSTALL = YES;
				SWIFT_APPROACHABLE_CONCURRENCY = YES;
				SWIFT_DEFAULT_ACTOR_ISOLATION = MainActor;
				SWIFT_EMIT_LOC_STRINGS = YES;
				SWIFT_VERSION = 6.0;
				TARGETED_DEVICE_FAMILY = 4;
				WATCHOS_DEPLOYMENT_TARGET = 27.0;
			};
			name = Release;
		};
		89AB91E29179479D5B63A0C6 /* Release */ = {
			isa = XCBuildConfiguration;
			buildSettings = {
				CURRENT_PROJECT_VERSION = 1;
				ENABLE_PREVIEWS = NO;
				GENERATE_INFOPLIST_FILE = YES;
				MARKETING_VERSION = 0.1.1;
				PRODUCT_BUNDLE_IDENTIFIER = "$(TAMAGO_BUNDLE_PREFIX).tests";
				PRODUCT_NAME = "$(TARGET_NAME)";
				SDKROOT = watchos;
				SKIP_INSTALL = YES;
				SWIFT_APPROACHABLE_CONCURRENCY = YES;
				SWIFT_DEFAULT_ACTOR_ISOLATION = nonisolated;
				SWIFT_EMIT_LOC_STRINGS = YES;
				SWIFT_VERSION = 6.0;
				TARGETED_DEVICE_FAMILY = 4;
				WATCHOS_DEPLOYMENT_TARGET = 27.0;
			};
			name = Release;
		};
		C35487E0083F7BC5E035C410 /* Debug */ = {
			isa = XCBuildConfiguration;
			buildSettings = {
				CURRENT_PROJECT_VERSION = 1;
				ENABLE_PREVIEWS = YES;
				GENERATE_INFOPLIST_FILE = YES;
				INFOPLIST_FILE = Complication/Info.plist;
				INFOPLIST_KEY_CFBundleDisplayName = Tamago;
				LD_RUNPATH_SEARCH_PATHS = (
					"$(inherited)",
					"@executable_path/Frameworks",
					"@executable_path/../../Frameworks",
				);
				MARKETING_VERSION = 0.1.1;
				PRODUCT_BUNDLE_IDENTIFIER = "$(TAMAGO_BUNDLE_PREFIX).watchkitapp.widget";
				PRODUCT_NAME = "$(TARGET_NAME)";
				SDKROOT = watchos;
				SKIP_INSTALL = YES;
				SWIFT_APPROACHABLE_CONCURRENCY = YES;
				SWIFT_DEFAULT_ACTOR_ISOLATION = MainActor;
				SWIFT_EMIT_LOC_STRINGS = YES;
				SWIFT_VERSION = 6.0;
				TARGETED_DEVICE_FAMILY = 4;
				WATCHOS_DEPLOYMENT_TARGET = 27.0;
			};
			name = Debug;
		};
		D6E0474D0ACD9A3410559508 /* Debug */ = {
			isa = XCBuildConfiguration;
			buildSettings = {
				CURRENT_PROJECT_VERSION = 1;
				ENABLE_PREVIEWS = YES;
				GENERATE_INFOPLIST_FILE = YES;
				INFOPLIST_FILE = WatchApp/Info.plist;
				INFOPLIST_KEY_CFBundleDisplayName = Tamago;
				INFOPLIST_KEY_UISupportedInterfaceOrientations = "UIInterfaceOrientationPortrait UIInterfaceOrientationPortraitUpsideDown";
				INFOPLIST_KEY_WKCompanionAppBundleIdentifier = "$(TAMAGO_BUNDLE_PREFIX)";
				INFOPLIST_KEY_WKRunsIndependentlyOfCompanionApp = YES;
				LD_RUNPATH_SEARCH_PATHS = (
					"$(inherited)",
					"@executable_path/Frameworks",
				);
				MARKETING_VERSION = 0.1.1;
				PRODUCT_BUNDLE_IDENTIFIER = "$(TAMAGO_BUNDLE_PREFIX).watchkitapp";
				PRODUCT_NAME = Tamago;
				SDKROOT = watchos;
				SKIP_INSTALL = YES;
				SWIFT_APPROACHABLE_CONCURRENCY = YES;
				SWIFT_DEFAULT_ACTOR_ISOLATION = MainActor;
				SWIFT_EMIT_LOC_STRINGS = YES;
				SWIFT_VERSION = 6.0;
				TARGETED_DEVICE_FAMILY = 4;
				WATCHOS_DEPLOYMENT_TARGET = 27.0;
			};
			name = Debug;
		};
		D83C6B0D9386844796BB4102 /* Release */ = {
			isa = XCBuildConfiguration;
			buildSettings = {
				CURRENT_PROJECT_VERSION = 1;
				ENABLE_PREVIEWS = YES;
				GENERATE_INFOPLIST_FILE = YES;
				INFOPLIST_KEY_CFBundleDisplayName = Tamago;
				INFOPLIST_KEY_UIApplicationSceneManifest_Generation = YES;
				INFOPLIST_KEY_UIApplicationSupportsIndirectInputEvents = YES;
				INFOPLIST_KEY_UILaunchScreen_Generation = YES;
				INFOPLIST_KEY_UISupportedInterfaceOrientations = UIInterfaceOrientationPortrait;
				IPHONEOS_DEPLOYMENT_TARGET = 27.0;
				LD_RUNPATH_SEARCH_PATHS = (
					"$(inherited)",
					"@executable_path/Frameworks",
				);
				MARKETING_VERSION = 0.1.1;
				PRODUCT_BUNDLE_IDENTIFIER = "$(TAMAGO_BUNDLE_PREFIX)";
				PRODUCT_NAME = Tamago;
				SDKROOT = iphoneos;
				SWIFT_APPROACHABLE_CONCURRENCY = YES;
				SWIFT_DEFAULT_ACTOR_ISOLATION = MainActor;
				SWIFT_EMIT_LOC_STRINGS = YES;
				SWIFT_VERSION = 6.0;
				TARGETED_DEVICE_FAMILY = 1;
			};
			name = Release;
		};
		DD9E53A751D12837D49CD913 /* Debug */ = {
			isa = XCBuildConfiguration;
			buildSettings = {
				CURRENT_PROJECT_VERSION = 1;
				ENABLE_PREVIEWS = NO;
				GENERATE_INFOPLIST_FILE = YES;
				MARKETING_VERSION = 0.1.1;
				PRODUCT_BUNDLE_IDENTIFIER = "$(TAMAGO_BUNDLE_PREFIX).tests";
				PRODUCT_NAME = "$(TARGET_NAME)";
				SDKROOT = watchos;
				SKIP_INSTALL = YES;
				SWIFT_APPROACHABLE_CONCURRENCY = YES;
				SWIFT_DEFAULT_ACTOR_ISOLATION = nonisolated;
				SWIFT_EMIT_LOC_STRINGS = YES;
				SWIFT_VERSION = 6.0;
				TARGETED_DEVICE_FAMILY = 4;
				WATCHOS_DEPLOYMENT_TARGET = 27.0;
			};
			name = Debug;
		};
		EA52BD15D216689CFE0A3970 /* Release */ = {
			isa = XCBuildConfiguration;
			buildSettings = {
				CURRENT_PROJECT_VERSION = 1;
				ENABLE_PREVIEWS = YES;
				GENERATE_INFOPLIST_FILE = YES;
				INFOPLIST_FILE = WatchApp/Info.plist;
				INFOPLIST_KEY_CFBundleDisplayName = Tamago;
				INFOPLIST_KEY_UISupportedInterfaceOrientations = "UIInterfaceOrientationPortrait UIInterfaceOrientationPortraitUpsideDown";
				INFOPLIST_KEY_WKCompanionAppBundleIdentifier = "$(TAMAGO_BUNDLE_PREFIX)";
				INFOPLIST_KEY_WKRunsIndependentlyOfCompanionApp = YES;
				LD_RUNPATH_SEARCH_PATHS = (
					"$(inherited)",
					"@executable_path/Frameworks",
				);
				MARKETING_VERSION = 0.1.1;
				PRODUCT_BUNDLE_IDENTIFIER = "$(TAMAGO_BUNDLE_PREFIX).watchkitapp";
				PRODUCT_NAME = Tamago;
				SDKROOT = watchos;
				SKIP_INSTALL = YES;
				SWIFT_APPROACHABLE_CONCURRENCY = YES;
				SWIFT_DEFAULT_ACTOR_ISOLATION = MainActor;
				SWIFT_EMIT_LOC_STRINGS = YES;
				SWIFT_VERSION = 6.0;
				TARGETED_DEVICE_FAMILY = 4;
				WATCHOS_DEPLOYMENT_TARGET = 27.0;
			};
			name = Release;
		};
/* End XCBuildConfiguration section */

/* Begin XCConfigurationList section */
		59CD3F102045E4E738502809 /* Build configuration list for PBXNativeTarget "TamagoPhone" */ = {
			isa = XCConfigurationList;
			buildConfigurations = (
				7702FD4BB81350BC74BF8361 /* Debug */,
				D83C6B0D9386844796BB4102 /* Release */,
			);
			defaultConfigurationIsVisible = 0;
			defaultConfigurationName = Release;
		};
		77AA343AE19F8CF2837DDF0D /* Build configuration list for PBXNativeTarget "TamagoWatch" */ = {
			isa = XCConfigurationList;
			buildConfigurations = (
				D6E0474D0ACD9A3410559508 /* Debug */,
				EA52BD15D216689CFE0A3970 /* Release */,
			);
			defaultConfigurationIsVisible = 0;
			defaultConfigurationName = Release;
		};
		8920E7243AFA43AD3E6FFB8C /* Build configuration list for PBXNativeTarget "TamagoTests" */ = {
			isa = XCConfigurationList;
			buildConfigurations = (
				DD9E53A751D12837D49CD913 /* Debug */,
				89AB91E29179479D5B63A0C6 /* Release */,
			);
			defaultConfigurationIsVisible = 0;
			defaultConfigurationName = Release;
		};
		CE36D6306C17890370B358E3 /* Build configuration list for PBXProject "AppleTamago" */ = {
			isa = XCConfigurationList;
			buildConfigurations = (
				08D1B0DDBC8F69240C81E990 /* Debug */,
				320644C4979C1B7DC9632144 /* Release */,
			);
			defaultConfigurationIsVisible = 0;
			defaultConfigurationName = Release;
		};
		F020EAB369410561B9AA4CF2 /* Build configuration list for PBXNativeTarget "TamagoComplication" */ = {
			isa = XCConfigurationList;
			buildConfigurations = (
				C35487E0083F7BC5E035C410 /* Debug */,
				7EDF190F06EDA1100A36657D /* Release */,
			);
			defaultConfigurationIsVisible = 0;
			defaultConfigurationName = Release;
		};
/* End XCConfigurationList section */

/* Begin XCLocalSwiftPackageReference section */
		00399ED3B3FA2FCA129B1CCE /* XCLocalSwiftPackageReference "Shared" */ = {
			isa = XCLocalSwiftPackageReference;
			relativePath = Shared;
		};
/* End XCLocalSwiftPackageReference section */

/* Begin XCSwiftPackageProductDependency section */
		40772E5EFFB58613CA8383F3 /* TamagoShared */ = {
			isa = XCSwiftPackageProductDependency;
			package = 00399ED3B3FA2FCA129B1CCE /* XCLocalSwiftPackageReference "Shared" */;
			productName = TamagoShared;
		};
		C6F54CD3B3536366FC24E0ED /* TamagoShared */ = {
			isa = XCSwiftPackageProductDependency;
			package = 00399ED3B3FA2FCA129B1CCE /* XCLocalSwiftPackageReference "Shared" */;
			productName = TamagoShared;
		};
		D68229C331848B9AB9C68F93 /* TamagoShared */ = {
			isa = XCSwiftPackageProductDependency;
			package = 00399ED3B3FA2FCA129B1CCE /* XCLocalSwiftPackageReference "Shared" */;
			productName = TamagoShared;
		};
		DF9B0E967445328C90B4E440 /* TamagoShared */ = {
			isa = XCSwiftPackageProductDependency;
			package = 00399ED3B3FA2FCA129B1CCE /* XCLocalSwiftPackageReference "Shared" */;
			productName = TamagoShared;
		};
/* End XCSwiftPackageProductDependency section */
	};
	rootObject = 46F86FAA6BBF9AC94A7E4595 /* Project object */;
}
